# This file is autogenerated, do not edit; changes may be undone by the next 'dep ensure'.


[[projects]]
  branch = "master"
  name = "github.com/pkg/term"
  packages = [
    ".",
    "termios"
  ]
  revision = "b1f72af2d63057363398bec5873d16a98b453312"

[[projects]]
  branch = "master"
  name = "golang.org/x/sys"
  packages = ["unix"]
  revision = "37707fdb30a5b38865cfb95e5aab41707daec7fd"

[solve-meta]
  analyzer-name = "dep"
  analyzer-version = 1
  inputs-digest = "5004d4bf4cead84dcb8d156f1e062d54639dbaa03d812b0647cbebec25e44476"
  solver-name = "gps-cdcl"
  solver-version = 1
